lockfileVersion: '9.0'

settings:
  autoInstallPeers: true
  excludeLinksFromLockfile: false

importers:

  .:
    dependencies:
      redis:
        specifier: ^6.2.1
        version: 6.2.1
      ws:
        specifier: ^8.21.3
        version: 8.21.3

packages:

  '@redis/bloom@6.2.1':
    resolution: {integrity: sha512-huQgNLaCIZfQ9SeLn4q9124uOUd8HbZDYHwwUzNcRgHqCHiHKl2dDxMqJCeWh8cMqZAoWuHR8XnWbDMIf+o7ag==}
    engines: {node: '>= 20.0.0'}
    peerDependencies:
      '@redis/client': ^6.2.1

  '@redis/client@6.2.1':
    resolution: {integrity: sha512-LzxBY7SIBvvJiyCgcaJZZakE3fJrZZ++i24+EDW9fKpCl68D35uJcKFpZZwCfOoG9WZTbyZlMzMeM0gtOAMU9Q==}
    engines: {node: '>= 20.0.0'}
    peerDependencies:
      '@node-rs/xxhash': ^1.1.0
      '@opentelemetry/api': '>=1 <2'
    peerDependenciesMeta:
      '@node-rs/xxhash':
        optional: true
      '@opentelemetry/api':
        optional: true

  '@redis/json@6.2.1':
    resolution: {integrity: sha512-AFIUJ8Gj0DaaSBHYuSt8+O0oYWM+50OK1c0OmodB7XERIA8+BbyV3O4v76f9iccWasd1/7qjfZTpuzexUaZtrQ==}
    engines: {node: '>= 20.0.0'}
    peerDependencies:
      '@redis/client': ^6.2.1

  '@redis/search@6.2.1':
    resolution: {integrity: sha512-2vfOAOyYFE7UUw3sBBlkqqruBtOUS4HRY5MtW4hp83llrwvtrTE4r22CEqXddlV+54zkLxBE4nmsIJ/dpezQrQ==}
    engines: {node: '>= 20.0.0'}
    peerDependencies:
      '@redis/client': ^6.2.1

  '@redis/time-series@6.2.1':
    resolution: {integrity: sha512-kiYniph04dJOole+L359B6C9E+jYS2uDP7hca6Onj0xF38ZIpyxARO0Iq0W4ZRn1e8Q6vqW00QFZVSMRA/2Ijw==}
    engines: {node: '>= 20.0.0'}
    peerDependencies:
      '@redis/client': ^6.2.1

  cluster-key-slot@1.1.2:
    resolution: {integrity: sha512-RMr0FhtfXemyinomL4hrWcYJxmX6deFdCxpJzhDttxgO1+bcCnkk+9drydLVDmAMG7NE6aN/fl4F7ucU/90gAA==}
    engines: {node: '>=0.10.0'}

  redis@6.2.1:
    resolution: {integrity: sha512-Z9VHtgYs48PiQC77X9O2Er8Hj4T+5BtFjT91/vi5Is1D04N72cA946ZslM1ImJw8ZctFBZWAVjM7S5wJNeHMpg==}
    engines: {node: '>= 20.0.0'}

  ws@8.21.3:
    resolution: {integrity: sha512-201TZ/kPWxoPr/OKWjquZR1SWKXcvxdH+e1xrx89b3YbmzLMFCLfnaG1HFIgWzJOEWZ7MvpK++odZufgYR50Rw==}
    engines: {node: '>=10.0.0'}
    peerDependencies:
      bufferutil: ^4.0.1
      utf-8-validate: '>=5.0.2'
    peerDependenciesMeta:
      bufferutil:
        optional: true
      utf-8-validate:
        optional: true

snapshots:

  '@redis/bloom@6.2.1(@redis/client@6.2.1)':
    dependencies:
      '@redis/client': 6.2.1

  '@redis/client@6.2.1':
    dependencies:
      cluster-key-slot: 1.1.2

  '@redis/json@6.2.1(@redis/client@6.2.1)':
    dependencies:
      '@redis/client': 6.2.1

  '@redis/search@6.2.1(@redis/client@6.2.1)':
    dependencies:
      '@redis/client': 6.2.1

  '@redis/time-series@6.2.1(@redis/client@6.2.1)':
    dependencies:
      '@redis/client': 6.2.1

  cluster-key-slot@1.1.2: {}

  redis@6.2.1:
    dependencies:
      '@redis/bloom': 6.2.1(@redis/client@6.2.1)
      '@redis/client': 6.2.1
      '@redis/json': 6.2.1(@redis/client@6.2.1)
      '@redis/search': 6.2.1(@redis/client@6.2.1)
      '@redis/time-series': 6.2.1(@redis/client@6.2.1)
    transitivePeerDependencies:
      - '@node-rs/xxhash'
      - '@opentelemetry/api'

  ws@8.21.3: {}
